// !$*UTF8*$!
{
	archiveVersion = 1;
	classes = {
	};
	objectVersion = 46;
	objects = {

/* Begin PBXBuildFile section */
		3CECF9AE1BC2B38D00C335AC /* AppDelegate.swift in Sources */ = {isa = PBXBuildFile; fileRef = 3CECF9AD1BC2B38D00C335AC /* AppDelegate.swift */; };
		3CECF9B01BC2B38D00C335AC /* ViewController.swift in Sources */ = {isa = PBXBuildFile; fileRef = 3CECF9AF1BC2B38D00C335AC /* ViewController.swift */; };
		3CECF9B31BC2B38D00C335AC /* Main.storyboard in Resources */ = {isa = PBXBuildFile; fileRef = 3CECF9B11BC2B38D00C335AC /* Main.storyboard */; };
		3CECF9B51BC2B38D00C335AC /* Assets.xcassets in Resources */ = {isa = PBXBuildFile; fileRef = 3CECF9B41BC2B38D00C335AC /* Assets.xcassets */; };
		3CECF9B81BC2B38D00C335AC /* LaunchScreen.storyboard in Resources */ = {isa = PBXBuildFile; fileRef = 3CECF9B61BC2B38D00C335AC /* LaunchScreen.storyboard */; };
		3CECF9C31BC2B38D00C335AC /* Fun_Facts_SwiftTests.swift in Sources */ = {isa = PBXBuildFile; fileRef = 3CECF9C21BC2B38D00C335AC /* Fun_Facts_SwiftTests.swift */; };
		3CECF9CE1BC2B38D00C335AC /* Fun_Facts_SwiftUITests.swift in Sources */ = {isa = PBXBuildFile; fileRef = 3CECF9CD1BC2B38D00C335AC /* Fun_Facts_SwiftUITests.swift */; };
		3CECF9E11BC3367300C335AC /* FactBook.swift in Sources */ = {isa = PBXBuildFile; fileRef = 3CECF9E01BC3367300C335AC /* FactBook.swift */; settings = {ASSET_TAGS = (); }; };
/* End PBXBuildFile section */

/* Begin PBXContainerItemProxy section */
		3CECF9BF1BC2B38D00C335AC /* PBXContainerItemProxy */ = {
			isa = PBXContainerItemProxy;
			containerPortal = 3CECF9A21BC2B38D00C335AC /* Project object */;
			proxyType = 1;
			remoteGlobalIDString = 3CECF9A91BC2B38D00C335AC;
			remoteInfo = "Fun Facts Swift";
		};
		3CECF9CA1BC2B38D00C335AC /* PBXContainerItemProxy */ = {
			isa = PBXContainerItemProxy;
			containerPortal = 3CECF9A21BC2B38D00C335AC /* Project object */;
			proxyType = 1;
			remoteGlobalIDString = 3CECF9A91BC2B38D00C335AC;
			remoteInfo = "Fun Facts Swift";
		};
/* End PBXContainerItemProxy section */

/* Begin PBXFileReference section */
		3CECF9AA1BC2B38D00C335AC /* Fun Facts Swift.app */ = {isa = PBXFileReference; explicitFileType = wrapper.application; includeInIndex = 0; path = "Fun Facts Swift.app"; sourceTree = BUILT_PRODUCTS_DIR; };
		3CECF9AD1BC2B38D00C335AC /* AppDelegate.swift */ = {isa = PBXFileReference; lastKnownFileType = sourcecode.swift; path = AppDelegate.swift; sourceTree = "<group>"; };
		3CECF9AF1BC2B38D00C335AC /* ViewController.swift */ = {isa = PBXFileReference; lastKnownFileType = sourcecode.swift; path = ViewController.swift; sourceTree = "<group>"; };
		3CECF9B21BC2B38D00C335AC /* Base */ = {isa = PBXFileReference; lastKnownFileType = file.storyboard; name = Base; path = Base.lproj/Main.storyboard; sourceTree = "<group>"; };
		3CECF9B41BC2B38D00C335AC /* Assets.xcassets */ = {isa = PBXFileReference; lastKnownFileType = folder.assetcatalog; path = Assets.xcassets; sourceTree = "<group>"; };
		3CECF9B71BC2B38D00C335AC /* Base */ = {isa = PBXFileReference; lastKnownFileType = file.storyboard; name = Base; path = Base.lproj/LaunchScreen.storyboard; sourceTree = "<group>"; };
		3CECF9B91BC2B38D00C335AC /* Info.plist */ = {isa = PBXFileReference; lastKnownFileType = text.plist.xml; path = Info.plist; sourceTree = "<group>"; };
		3CECF9BE1BC2B38D00C335AC /* Fun Facts SwiftTests.xctest */ = {isa = PBXFileReference; explicitFileType = wrapper.cfbundle; includeInIndex = 0; path = "Fun Facts SwiftTests.xctest"; sourceTree = BUILT_PRODUCTS_DIR; };
		3CECF9C21BC2B38D00C335AC /* Fun_Facts_SwiftTests.swift */ = {isa = PBXFileReference; lastKnownFileType = sourcecode.swift; path = Fun_Facts_SwiftTests.swift; sourceTree = "<group>"; };
		3CECF9C41BC2B38D00C335AC /* Info.plist */ = {isa = PBXFileReference; lastKnownFileType = text.plist.xml; path = Info.plist; sourceTree = "<group>"; };
		3CECF9C91BC2B38D00C335AC /* Fun Facts SwiftUITests.xctest */ = {isa = PBXFileReference; explicitFileType = wrapper.cfbundle; includeInIndex = 0; path = "Fun Facts SwiftUITests.xctest"; sourceTree = BUILT_PRODUCTS_DIR; };
		3CECF9CD1BC2B38D00C335AC /* Fun_Facts_SwiftUITests.swift */ = {isa = PBXFileReference; lastKnownFileType = sourcecode.swift; path = Fun_Facts_SwiftUITests.swift; sourceTree = "<group>"; };
		3CECF9CF1BC2B38D00C335AC /* Info.plist */ = {isa = PBXFileReference; lastKnownFileType = text.plist.xml; path = Info.plist; sourceTree = "<group>"; };
		3CECF9DD1BC2BDC300C335AC /* Scratchpad.playground */ = {isa = PBXFileReference; lastKnownFileType = file.playground; path = Scratchpad.playground; sourceTree = "<group>"; };
		3CECF9E01BC3367300C335AC /* FactBook.swift */ = {isa = PBXFileReference; fileEncoding = 4; lastKnownFileType = sourcecode.swift; path = FactBook.swift; sourceTree = "<group>"; };
/* End PBXFileReference section */

/* Begin PBXFrameworksBuildPhase section */
		3CECF9A71BC2B38D00C335AC /* Frameworks */ = {
			isa = PBXFrameworksBuildPhase;
			buildActionMask = 2147483647;
			files = (
			);
			runOnlyForDeploymentPostprocessing = 0;
		};
		3CECF9BB1BC2B38D00C335AC /* Frameworks */ = {
			isa = PBXFrameworksBuildPhase;
			buildActionMask = 2147483647;
			files = (
			);
			runOnlyForDeploymentPostprocessing = 0;
		};
		3CECF9C61BC2B38D00C335AC /* Frameworks */ = {
			isa = PBXFrameworksBuildPhase;
			buildActionMask = 2147483647;
			files = (
			);
			runOnlyForDeploymentPostprocessing = 0;
		};
/* End PBXFrameworksBuildPhase section */

/* Begin PBXGroup section */
		3CECF9A11BC2B38D00C335AC = {
			isa = PBXGroup;
			children = (
				3CECF9AC1BC2B38D00C335AC /* Fun Facts Swift */,
				3CECF9C11BC2B38D00C335AC /* Fun Facts SwiftTests */,
				3CECF9CC1BC2B38D00C335AC /* Fun Facts SwiftUITests */,
				3CECF9AB1BC2B38D00C335AC /* Products */,
				3CECF9DC1BC2BD2300C335AC /* Playgrounds */,
			);
			sourceTree = "<group>";
		};
		3CECF9AB1BC2B38D00C335AC /* Products */ = {
			isa = PBXGroup;
			children = (
				3CECF9AA1BC2B38D00C335AC /* Fun Facts Swift.app */,
				3CECF9BE1BC2B38D00C335AC /* Fun Facts SwiftTests.xctest */,
				3CECF9C91BC2B38D00C335AC /* Fun Facts SwiftUITests.xctest */,
			);
			name = Products;
			sourceTree = "<group>";
		};
		3CECF9AC1BC2B38D00C335AC /* Fun Facts Swift */ = {
			isa = PBXGroup;
			children = (
				3CECF9AD1BC2B38D00C335AC /* AppDelegate.swift */,
				3CECF9AF1BC2B38D00C335AC /* ViewController.swift */,
				3CECF9B11BC2B38D00C335AC /* Main.storyboard */,
				3CECF9E01BC3367300C335AC /* FactBook.swift */,
				3CECF9B41BC2B38D00C335AC /* Assets.xcassets */,
				3CECF9B61BC2B38D00C335AC /* LaunchScreen.storyboard */,
				3CECF9B91BC2B38D00C335AC /* Info.plist */,
			);
			path = "Fun Facts Swift";
			sourceTree = "<group>";
		};
		3CECF9C11BC2B38D00C335AC /* Fun Facts SwiftTests */ = {
			isa = PBXGroup;
			children = (
				3CECF9C21BC2B38D00C335AC /* Fun_Facts_SwiftTests.swift */,
				3CECF9C41BC2B38D00C335AC /* Info.plist */,
			);
			path = "Fun Facts SwiftTests";
			sourceTree = "<group>";
		};
		3CECF9CC1BC2B38D00C335AC /* Fun Facts SwiftUITests */ = {
			isa = PBXGroup;
			children = (
				3CECF9CD1BC2B38D00C335AC /* Fun_Facts_SwiftUITests.swift */,
				3CECF9CF1BC2B38D00C335AC /* Info.plist */,
			);
			path = "Fun Facts SwiftUITests";
			sourceTree = "<group>";
		};
		3CECF9DC1BC2BD2300C335AC /* Playgrounds */ = {
			isa = PBXGroup;
			children = (
				3CECF9DD1BC2BDC300C335AC /* Scratchpad.playground */,
			);
			name = Playgrounds;
			path = "Fun Facts Swift";
			sourceTree = "<group>";
		};
/* End PBXGroup section */

/* Begin PBXNativeTarget section */
		3CECF9A91BC2B38D00C335AC /* Fun Facts Swift */ = {
			isa = PBXNativeTarget;
			buildConfigurationList = 3CECF9D21BC2B38D00C335AC /* Build configuration list for PBXNativeTarget "Fun Facts Swift" */;
			buildPhases = (
				3CECF9A61BC2B38D00C335AC /* Sources */,
				3CECF9A71BC2B38D00C335AC /* Frameworks */,
				3CECF9A81BC2B38D00C335AC /* Resources */,
			);
			buildRules = (
			);
			dependencies = (
			);
			name = "Fun Facts Swift";
			productName = "Fun Facts Swift";
			productReference = 3CECF9AA1BC2B38D00C335AC /* Fun Facts Swift.app */;
			productType = "com.apple.product-type.application";
		};
		3CECF9BD1BC2B38D00C335AC /* Fun Facts SwiftTests */ = {
			isa = PBXNativeTarget;
			buildConfigurationList = 3CECF9D51BC2B38D00C335AC /* Build configuration list for PBXNativeTarget "Fun Facts SwiftTests" */;
			buildPhases = (
				3CECF9BA1BC2B38D00C335AC /* Sources */,
				3CECF9BB1BC2B38D00C335AC /* Frameworks */,
				3CECF9BC1BC2B38D00C335AC /* Resources */,
			);
			buildRules = (
			);
			dependencies = (
				3CECF9C01BC2B38D00C335AC /* PBXTargetDependency */,
			);
			name = "Fun Facts SwiftTests";
			productName = "Fun Facts SwiftTests";
			productReference = 3CECF9BE1BC2B38D00C335AC /* Fun Facts SwiftTests.xctest */;
			productType = "com.apple.product-type.bundle.unit-test";
		};
		3CECF9C81BC2B38D00C335AC /* Fun Facts SwiftUITests */ = {
			isa = PBXNativeTarget;
			buildConfigurationList = 3CECF9D81BC2B38D00C335AC /* Build configuration list for PBXNativeTarget "Fun Facts SwiftUITests" */;
			buildPhases = (
				3CECF9C51BC2B38D00C335AC /* Sources */,
				3CECF9C61BC2B38D00C335AC /* Frameworks */,
				3CECF9C71BC2B38D00C335AC /* Resources */,
			);
			buildRules = (
			);
			dependencies = (
				3CECF9CB1BC2B38D00C335AC /* PBXTargetDependency */,
			);
			name = "Fun Facts SwiftUITests";
			productName = "Fun Facts SwiftUITests";
			productReference = 3CECF9C91BC2B38D00C335AC /* Fun Facts SwiftUITests.xctest */;
			productType = "com.apple.product-type.bundle.ui-testing";
		};
/* End PBXNativeTarget section */

/* Begin PBXProject section */
		3CECF9A21BC2B38D00C335AC /* Project object */ = {
			isa = PBXProject;
			attributes = {
				LastUpgradeCheck = 0700;
				ORGANIZATIONNAME = "Dean Laurea";
				TargetAttributes = {
					3CECF9A91BC2B38D00C335AC = {
						CreatedOnToolsVersion = 7.0.1;
					};
					3CECF9BD1BC2B38D00C335AC = {
						CreatedOnToolsVersion = 7.0.1;
						TestTargetID = 3CECF9A91BC2B38D00C335AC;
					};
					3CECF9C81BC2B38D00C335AC = {
						CreatedOnToolsVersion = 7.0.1;
						TestTargetID = 3CECF9A91BC2B38D00C335AC;
					};
				};
			};
			buildConfigurationList = 3CECF9A51BC2B38D00C335AC /* Build configuration list for PBXProject "Fun Facts Swift" */;
			compatibilityVersion = "Xcode 3.2";
			developmentRegion = English;
			hasScannedForEncodings = 0;
			knownRegions = (
				en,
				Base,
			);
			mainGroup = 3CECF9A11BC2B38D00C335AC;
			productRefGroup = 3CECF9AB1BC2B38D00C335AC /* Products */;
			projectDirPath = "";
			projectRoot = "";
			targets = (
				3CECF9A91BC2B38D00C335AC /* Fun Facts Swift */,
				3CECF9BD1BC2B38D00C335AC /* Fun Facts SwiftTests */,
				3CECF9C81BC2B38D00C335AC /* Fun Facts SwiftUITests */,
			);
		};
/* End PBXProject section */

/* Begin PBXResourcesBuildPhase section */
		3CECF9A81BC2B38D00C335AC /* Resources */ = {
			isa = PBXResourcesBuildPhase;
			buildActionMask = 2147483647;
			files = (
				3CECF9B81BC2B38D00C335AC /* LaunchScreen.storyboard in Resources */,
				3CECF9B51BC2B38D00C335AC /* Assets.xcassets in Resources */,
				3CECF9B31BC2B38D00C335AC /* Main.storyboard in Resources */,
			);
			runOnlyForDeploymentPostprocessing = 0;
		};
		3CECF9BC1BC2B38D00C335AC /* Resources */ = {
			isa = PBXResourcesBuildPhase;
			buildActionMask = 2147483647;
			files = (
			);
			runOnlyForDeploymentPostprocessing = 0;
		};
		3CECF9C71BC2B38D00C335AC /* Resources */ = {
			isa = PBXResourcesBuildPhase;
			buildActionMask = 2147483647;
			files = (
			);
			runOnlyForDeploymentPostprocessing = 0;
		};
/* End PBXResourcesBuildPhase section */

/* Begin PBXSourcesBuildPhase section */
		3CECF9A61BC2B38D00C335AC /* Sources */ = {
			isa = PBXSourcesBuildPhase;
			buildActionMask = 2147483647;
			files = (
				3CECF9E11BC3367300C335AC /* FactBook.swift in Sources */,
				3CECF9B01BC2B38D00C335AC /* ViewController.swift in Sources */,
				3CECF9AE1BC2B38D00C335AC /* AppDelegate.swift in Sources */,
			);
			runOnlyForDeploymentPostprocessing = 0;
		};
		3CECF9BA1BC2B38D00C335AC /* Sources */ = {
			isa = PBXSourcesBuildPhase;
			buildActionMask = 2147483647;
			files = (
				3CECF9C31BC2B38D00C335AC /* Fun_Facts_SwiftTests.swift in Sources */,
			);
			runOnlyForDeploymentPostprocessing = 0;
		};
		3CECF9C51BC2B38D00C335AC /* Sources */ = {
			isa = PBXSourcesBuildPhase;
			buildActionMask = 2147483647;
			files = (
				3CECF9CE1BC2B38D00C335AC /* Fun_Facts_SwiftUITests.swift in Sources */,
			);
			runOnlyForDeploymentPostprocessing = 0;
		};
/* End PBXSourcesBuildPhase section */

/* Begin PBXTargetDependency section */
		3CECF9C01BC2B38D00C335AC /* PBXTargetDependency */ = {
			isa = PBXTargetDependency;
			target = 3CECF9A91BC2B38D00C335AC /* Fun Facts Swift */;
			targetProxy = 3CECF9BF1BC2B38D00C335AC /* PBXContainerItemProxy */;
		};
		3CECF9CB1BC2B38D00C335AC /* PBXTargetDependency */ = {
			isa = PBXTargetDependency;
			target = 3CECF9A91BC2B38D00C335AC /* Fun Facts Swift */;
			targetProxy = 3CECF9CA1BC2B38D00C335AC /* PBXContainerItemProxy */;
		};
/* End PBXTargetDependency section */

/* Begin PBXVariantGroup section */
		3CECF9B11BC2B38D00C335AC /* Main.storyboard */ = {
			isa = PBXVariantGroup;
			children = (
				3CECF9B21BC2B38D00C335AC /* Base */,
			);
			name = Main.storyboard;
			sourceTree = "<group>";
		};
		3CECF9B61BC2B38D00C335AC /* LaunchScreen.storyboard */ = {
			isa = PBXVariantGroup;
			children = (
				3CECF9B71BC2B38D00C335AC /* Base */,
			);
			name = LaunchScreen.storyboard;
			sourceTree = "<group>";
		};
/* End PBXVariantGroup section */

/* Begin XCBuildConfiguration section */
		3CECF9D01BC2B38D00C335AC /* Debug */ = {
			isa = XCBuildConfiguration;
			buildSettings = {
				ALWAYS_SEARCH_USER_PATHS = NO;
				CLANG_CXX_LANGUAGE_STANDARD = "gnu++0x";
				CLANG_CXX_LIBRARY = "libc++";
				CLANG_ENABLE_MODULES = YES;
				CLANG_ENABLE_OBJC_ARC = YES;
				CLANG_WARN_BOOL_CONVERSION = YES;
				CLANG_WARN_CONSTANT_CONVERSION = YES;
				CLANG_WARN_DIRECT_OBJC_ISA_USAGE = YES_ERROR;
				CLANG_WARN_EMPTY_BODY = YES;
				CLANG_WARN_ENUM_CONVERSION = YES;
				CLANG_WARN_INT_CONVERSION = YES;
				CLANG_WARN_OBJC_ROOT_CLASS = YES_ERROR;
				CLANG_WARN_UNREACHABLE_CODE = YES;
				CLANG_WARN__DUPLICATE_METHOD_MATCH = YES;
				"CODE_SIGN_IDENTITY[sdk=iphoneos*]" = "iPhone Developer";
				COPY_PHASE_STRIP = NO;
				DEBUG_INFORMATION_FORMAT = dwarf;
				ENABLE_STRICT_OBJC_MSGSEND = YES;
				ENABLE_TESTABILITY = YES;
				GCC_C_LANGUAGE_STANDARD = gnu99;
				GCC_DYNAMIC_NO_PIC = NO;
				GCC_NO_COMMON_BLOCKS = YES;
				GCC_OPTIMIZATION_LEVEL = 0;
				GCC_PREPROCESSOR_DEFINITIONS = (
					"DEBUG=1",
					"$(inherited)",
				);
				GCC_WARN_64_TO_32_BIT_CONVERSION = YES;
				GCC_WARN_ABOUT_RETURN_TYPE = YES_ERROR;
				GCC_WARN_UNDECLARED_SELECTOR = YES;
				GCC_WARN_UNINITIALIZED_AUTOS = YES_AGGRESSIVE;
				GCC_WARN_UNUSED_FUNCTION = YES;
				GCC_WARN_UNUSED_VARIABLE = YES;
				IPHONEOS_DEPLOYMENT_TARGET = 9.0;
				MTL_ENABLE_DEBUG_INFO = YES;
				ONLY_ACTIVE_ARCH = YES;
				SDKROOT = iphoneos;
				SWIFT_OPTIMIZATION_LEVEL = "-Onone";
			};
			name = Debug;
		};
		3CECF9D11BC2B38D00C335AC /* Release */ = {
			isa = XCBuildConfiguration;
			buildSettings = {
				ALWAYS_SEARCH_USER_PATHS = NO;
				CLANG_CXX_LANGUAGE_STANDARD = "gnu++0x";
				CLANG_CXX_LIBRARY = "libc++";
				CLANG_ENABLE_MODULES = YES;
				CLANG_ENABLE_OBJC_ARC = YES;
				CLANG_WARN_BOOL_CONVERSION = YES;
				CLANG_WARN_CONSTANT_CONVERSION = YES;
				CLANG_WARN_DIRECT_OBJC_ISA_USAGE = YES_ERROR;
				CLANG_WARN_EMPTY_BODY = YES;
				CLANG_WARN_ENUM_CONVERSION = YES;
				CLANG_WARN_INT_CONVERSION = YES;
				CLANG_WARN_OBJC_ROOT_CLASS = YES_ERROR;
				CLANG_WARN_UNREACHABLE_CODE = YES;
				CLANG_WARN__DUPLICATE_METHOD_MATCH = YES;
				"CODE_SIGN_IDENTITY[sdk=iphoneos*]" = "iPhone Developer";
				COPY_PHASE_STRIP = NO;
				DEBUG_INFORMATION_FORMAT = "dwarf-with-dsym";
				ENABLE_NS_ASSERTIONS = NO;
				ENABLE_STRICT_OBJC_MSGSEND = YES;
				GCC_C_LANGUAGE_STANDARD = gnu99;
				GCC_NO_COMMON_BLOCKS = YES;
				GCC_WARN_64_TO_32_BIT_CONVERSION = YES;
				GCC_WARN_ABOUT_RETURN_TYPE = YES_ERROR;
				GCC_WARN_UNDECLARED_SELECTOR = YES;
				GCC_WARN_UNINITIALIZED_AUTOS = YES_AGGRESSIVE;
				GCC_WARN_UNUSED_FUNCTION = YES;
				GCC_WARN_UNUSED_VARIABLE = YES;
				IPHONEOS_DEPLOYMENT_TARGET = 9.0;
				MTL_ENABLE_DEBUG_INFO = NO;
				SDKROOT = iphoneos;
				VALIDATE_PRODUCT = YES;
			};
			name = Release;
		};
		3CECF9D31BC2B38D00C335AC /* Debug */ = {
			isa = XCBuildConfiguration;
			buildSettings = {
				ASSETCATALOG_COMPILER_APPICON_NAME = AppIcon;
				INFOPLIST_FILE = "Fun Facts Swift/Info.plist";
				LD_RUNPATH_SEARCH_PATHS = "$(inherited) @executable_path/Frameworks";
				PRODUCT_BUNDLE_IDENTIFIER = "com.deanlaurea.Fun-Facts-Swift";
				PRODUCT_NAME = "$(TARGET_NAME)";
			};
			name = Debug;
		};
		3CECF9D41BC2B38D00C335AC /* Release */ = {
			isa = XCBuildConfiguration;
			buildSettings = {
				ASSETCATALOG_COMPILER_APPICON_NAME = AppIcon;
				INFOPLIST_FILE = "Fun Facts Swift/Info.plist";
				LD_RUNPATH_SEARCH_PATHS = "$(inherited) @executable_path/Frameworks";
				PRODUCT_BUNDLE_IDENTIFIER = "com.deanlaurea.Fun-Facts-Swift";
				PRODUCT_NAME = "$(TARGET_NAME)";
			};
			name = Release;
		};
		3CECF9D61BC2B38D00C335AC /* Debug */ = {
			isa = XCBuildConfiguration;
			buildSettings = {
				BUNDLE_LOADER = "$(TEST_HOST)";
				INFOPLIST_FILE = "Fun Facts SwiftTests/Info.plist";
				LD_RUNPATH_SEARCH_PATHS = "$(inherited) @executable_path/Frameworks @loader_path/Frameworks";
				PRODUCT_BUNDLE_IDENTIFIER = "com.deanlaurea.Fun-Facts-SwiftTests";
				PRODUCT_NAME = "$(TARGET_NAME)";
				TEST_HOST = "$(BUILT_PRODUCTS_DIR)/Fun Facts Swift.app/Fun Facts Swift";
			};
			name = Debug;
		};
		3CECF9D71BC2B38D00C335AC /* Release */ = {
			isa = XCBuildConfiguration;
			buildSettings = {
				BUNDLE_LOADER = "$(TEST_HOST)";
				INFOPLIST_FILE = "Fun Facts SwiftTests/Info.plist";
				LD_RUNPATH_SEARCH_PATHS = "$(inherited) @executable_path/Frameworks @loader_path/Frameworks";
				PRODUCT_BUNDLE_IDENTIFIER = "com.deanlaurea.Fun-Facts-SwiftTests";
				PRODUCT_NAME = "$(TARGET_NAME)";
				TEST_HOST = "$(BUILT_PRODUCTS_DIR)/Fun Facts Swift.app/Fun Facts Swift";
			};
			name = Release;
		};
		3CECF9D91BC2B38D00C335AC /* Debug */ = {
			isa = XCBuildConfiguration;
			buildSettings = {
				INFOPLIST_FILE = "Fun Facts SwiftUITests/Info.plist";
				LD_RUNPATH_SEARCH_PATHS = "$(inherited) @executable_path/Frameworks @loader_path/Frameworks";
				PRODUCT_BUNDLE_IDENTIFIER = "com.deanlaurea.Fun-Facts-SwiftUITests";
				PRODUCT_NAME = "$(TARGET_NAME)";
				TEST_TARGET_NAME = "Fun Facts Swift";
				USES_XCTRUNNER = YES;
			};
			name = Debug;
		};
		3CECF9DA1BC2B38D00C335AC /* Release */ = {
			isa = XCBuildConfiguration;
			buildSettings = {
				INFOPLIST_FILE = "Fun Facts SwiftUITests/Info.plist";
				LD_RUNPATH_SEARCH_PATHS = "$(inherited) @executable_path/Frameworks @loader_path/Frameworks";
				PRODUCT_BUNDLE_IDENTIFIER = "com.deanlaurea.Fun-Facts-SwiftUITests";
				PRODUCT_NAME = "$(TARGET_NAME)";
				TEST_TARGET_NAME = "Fun Facts Swift";
				USES_XCTRUNNER = YES;
			};
			name = Release;
		};
/* End XCBuildConfiguration section */

/* Begin XCConfigurationList section */
		3CECF9A51BC2B38D00C335AC /* Build configuration list for PBXProject "Fun Facts Swift" */ = {
			isa = XCConfigurationList;
			buildConfigurations = (
				3CECF9D01BC2B38D00C335AC /* Debug */,
				3CECF9D11BC2B38D00C335AC /* Release */,
			);
			defaultConfigurationIsVisible = 0;
			defaultConfigurationName = Release;
		};
		3CECF9D21BC2B38D00C335AC /* Build configuration list for PBXNativeTarget "Fun Facts Swift" */ = {
			isa = XCConfigurationList;
			buildConfigurations = (
				3CECF9D31BC2B38D00C335AC /* Debug */,
				3CECF9D41BC2B38D00C335AC /* Release */,
			);
			defaultConfigurationIsVisible = 0;
			defaultConfigurationName = Release;
		};
		3CECF9D51BC2B38D00C335AC /* Build configuration list for PBXNativeTarget "Fun Facts SwiftTests" */ = {
			isa = XCConfigurationList;
			buildConfigurations = (
				3CECF9D61BC2B38D00C335AC /* Debug */,
				3CECF9D71BC2B38D00C335AC /* Release */,
			);
			defaultConfigurationIsVisible = 0;
			defaultConfigurationName = Release;
		};
		3CECF9D81BC2B38D00C335AC /* Build configuration list for PBXNativeTarget "Fun Facts SwiftUITests" */ = {
			isa = XCConfigurationList;
			buildConfigurations = (
				3CECF9D91BC2B38D00C335AC /* Debug */,
				3CECF9DA1BC2B38D00C335AC /* Release */,
			);
			defaultConfigurationIsVisible = 0;
			defaultConfigurationName = Release;
		};
/* End XCConfigurationList section */
	};
	rootObject = 3CECF9A21BC2B38D00C335AC /* Project object */;
}
